// !$*UTF8*$!
{
	archiveVersion = 1;
	classes = {
	};
	objectVersion = 52;
	objects = {

/* Begin PBXBuildFile section */
		4B4DFF5625CB24C900C1569A /* PrivacyView.swift in Sources */ = {isa = PBXBuildFile; fileRef = 4B4DFF5525CB24C900C1569A /* PrivacyView.swift */; };
		4B5AB52625CA18AF00B53FE9 /* Constant.swift in Sources */ = {isa = PBXBuildFile; fileRef = 4B5AB52525CA18AF00B53FE9 /* Constant.swift */; };
		4B5AB52925CA204C00B53FE9 /* QuestionListModelView.swift in Sources */ = {isa = PBXBuildFile; fileRef = 4B5AB52825CA204C00B53FE9 /* QuestionListModelView.swift */; };
		4B5AB53425CB158C00B53FE9 /* SettingView.swift in Sources */ = {isa = PBXBuildFile; fileRef = 4B5AB53325CB158C00B53FE9 /* SettingView.swift */; };
		4B6CD1D025C3D9F800FD604A /* SearchBar.swift in Sources */ = {isa = PBXBuildFile; fileRef = 4B6CD1CF25C3D9F800FD604A /* SearchBar.swift */; };
		4B6CD1D425C3E35300FD604A /* SpeechService.swift in Sources */ = {isa = PBXBuildFile; fileRef = 4B6CD1D325C3E35300FD604A /* SpeechService.swift */; };
		4B8B30DA25C32EC80009EB4B /* IosJobPrepareToolApp.swift in Sources */ = {isa = PBXBuildFile; fileRef = 4B8B30D925C32EC80009EB4B /* IosJobPrepareToolApp.swift */; };
		4B8B30DC25C32EC80009EB4B /* MainView.swift in Sources */ = {isa = PBXBuildFile; fileRef = 4B8B30DB25C32EC80009EB4B /* MainView.swift */; };
		4B8B30DE25C32ECC0009EB4B /* Assets.xcassets in Resources */ = {isa = PBXBuildFile; fileRef = 4B8B30DD25C32ECC0009EB4B /* Assets.xcassets */; };
		4B8B30E125C32ECC0009EB4B /* Preview Assets.xcassets in Resources */ = {isa = PBXBuildFile; fileRef = 4B8B30E025C32ECC0009EB4B /* Preview Assets.xcassets */; };
		4BC654F225CC574C00213C35 /* Interstitial.swift in Sources */ = {isa = PBXBuildFile; fileRef = 4BC654F125CC574C00213C35 /* Interstitial.swift */; };
		4BCDF6D925CB481000D000EB /* SettingViewModel.swift in Sources */ = {isa = PBXBuildFile; fileRef = 4BCDF6D825CB481000D000EB /* SettingViewModel.swift */; };
		4BED5BF925C35C400059C954 /* BuildFile in Frameworks */ = {isa = PBXBuildFile; productRef = 4BED5BF825C35C400059C954 /* SwiftPackageProductDependency */; };
		4BED5C0125C367A00059C954 /* ModelLayer.swift in Sources */ = {isa = PBXBuildFile; fileRef = 4BED5C0025C367A00059C954 /* ModelLayer.swift */; };
		4BED5C0425C367A60059C954 /* questions.json in Resources */ = {isa = PBXBuildFile; fileRef = 4BED5C0325C367A60059C954 /* questions.json */; };
		4BED5C0725C367B20059C954 /* Question.swift in Sources */ = {isa = PBXBuildFile; fileRef = 4BED5C0625C367B20059C954 /* Question.swift */; };
		4BED5C0A25C367E80059C954 /* QuestionListView.swift in Sources */ = {isa = PBXBuildFile; fileRef = 4BED5C0925C367E80059C954 /* QuestionListView.swift */; };
		4BED5C0D25C368A60059C954 /* Bundle-Decodable.swift in Sources */ = {isa = PBXBuildFile; fileRef = 4BED5C0C25C368A60059C954 /* Bundle-Decodable.swift */; };
		4BED5C1125C378700059C954 /* BuildFile in Frameworks */ = {isa = PBXBuildFile; productRef = 4BED5C1025C378700059C954 /* SwiftPackageProductDependency */; };
		4BED5C1425C37CAD0059C954 /* CardModeView.swift in Sources */ = {isa = PBXBuildFile; fileRef = 4BED5C1325C37CAD0059C954 /* CardModeView.swift */; };
/* End PBXBuildFile section */

/* Begin PBXFileReference section */
		4B4DFF5525CB24C900C1569A /* PrivacyView.swift */ = {isa = PBXFileReference; lastKnownFileType = sourcecode.swift; path = PrivacyView.swift; sourceTree = "<group>"; };
		4B5AB52525CA18AF00B53FE9 /* Constant.swift */ = {isa = PBXFileReference; lastKnownFileType = sourcecode.swift; path = Constant.swift; sourceTree = "<group>"; };
		4B5AB52825CA204C00B53FE9 /* QuestionListModelView.swift */ = {isa = PBXFileReference; lastKnownFileType = sourcecode.swift; path = QuestionListModelView.swift; sourceTree = "<group>"; };
		4B5AB53325CB158C00B53FE9 /* SettingView.swift */ = {isa = PBXFileReference; lastKnownFileType = sourcecode.swift; path = SettingView.swift; sourceTree = "<group>"; };
		4B6CD1CF25C3D9F800FD604A /* SearchBar.swift */ = {isa = PBXFileReference; fileEncoding = 4; lastKnownFileType = sourcecode.swift; path = SearchBar.swift; sourceTree = "<group>"; };
		4B6CD1D325C3E35300FD604A /* SpeechService.swift */ = {isa = PBXFileReference; lastKnownFileType = sourcecode.swift; path = SpeechService.swift; sourceTree = "<group>"; };
		4B8B30D625C32EC80009EB4B /* IosJobPrepareTool.app */ = {isa = PBXFileReference; explicitFileType = wrapper.application; includeInIndex = 0; path = IosJobPrepareTool.app; sourceTree = BUILT_PRODUCTS_DIR; };
		4B8B30D925C32EC80009EB4B /* IosJobPrepareToolApp.swift */ = {isa = PBXFileReference; lastKnownFileType = sourcecode.swift; path = IosJobPrepareToolApp.swift; sourceTree = "<group>"; };
		4B8B30DB25C32EC80009EB4B /* MainView.swift */ = {isa = PBXFileReference; lastKnownFileType = sourcecode.swift; path = MainView.swift; sourceTree = "<group>"; };
		4B8B30DD25C32ECC0009EB4B /* Assets.xcassets */ = {isa = PBXFileReference; lastKnownFileType = folder.assetcatalog; path = Assets.xcassets; sourceTree = "<group>"; };
		4B8B30E025C32ECC0009EB4B /* Preview Assets.xcassets */ = {isa = PBXFileReference; lastKnownFileType = folder.assetcatalog; path = "Preview Assets.xcassets"; sourceTree = "<group>"; };
		4B8B30E225C32ECC0009EB4B /* Info.plist */ = {isa = PBXFileReference; lastKnownFileType = text.plist.xml; path = Info.plist; sourceTree = "<group>"; };
		4BC654F125CC574C00213C35 /* Interstitial.swift */ = {isa = PBXFileReference; lastKnownFileType = sourcecode.swift; path = Interstitial.swift; sourceTree = "<group>"; };
		4BCDF6D825CB481000D000EB /* SettingViewModel.swift */ = {isa = PBXFileReference; lastKnownFileType = sourcecode.swift; path = SettingViewModel.swift; sourceTree = "<group>"; };
		4BED5C0025C367A00059C954 /* ModelLayer.swift */ = {isa = PBXFileReference; fileEncoding = 4; lastKnownFileType = sourcecode.swift; path = ModelLayer.swift; sourceTree = "<group>"; };
		4BED5C0325C367A60059C954 /* questions.json */ = {isa = PBXFileReference; fileEncoding = 4; lastKnownFileType = text.json; path = questions.json; sourceTree = "<group>"; };
		4BED5C0625C367B20059C954 /* Question.swift */ = {isa = PBXFileReference; fileEncoding = 4; lastKnownFileType = sourcecode.swift; path = Question.swift; sourceTree = "<group>"; };
		4BED5C0925C367E80059C954 /* QuestionListView.swift */ = {isa = PBXFileReference; fileEncoding = 4; lastKnownFileType = sourcecode.swift; path = QuestionListView.swift; sourceTree = "<group>"; };
		4BED5C0C25C368A60059C954 /* Bundle-Decodable.swift */ = {isa = PBXFileReference; fileEncoding = 4; lastKnownFileType = sourcecode.swift; path = "Bundle-Decodable.swift"; sourceTree = "<group>"; };
		4BED5C1325C37CAD0059C954 /* CardModeView.swift */ = {isa = PBXFileReference; fileEncoding = 4; lastKnownFileType = sourcecode.swift; path = CardModeView.swift; sourceTree = "<group>"; };
/* End PBXFileReference section */

/* Begin PBXFrameworksBuildPhase section */
		4B8B30D325C32EC80009EB4B /* Frameworks */ = {
			isa = PBXFrameworksBuildPhase;
			buildActionMask = 2147483647;
			files = (
				4BED5C1125C378700059C954 /* BuildFile in Frameworks */,
				4BED5BF925C35C400059C954 /* BuildFile in Frameworks */,
			);
			runOnlyForDeploymentPostprocessing = 0;
		};
/* End PBXFrameworksBuildPhase section */

/* Begin PBXGroup section */
		4B6CD1EA25C6217200FD604A /* Networking */ = {
			isa = PBXGroup;
			children = (
				4B6CD1D325C3E35300FD604A /* SpeechService.swift */,
			);
			path = Networking;
			sourceTree = "<group>";
		};
		4B8B30CD25C32EC80009EB4B = {
			isa = PBXGroup;
			children = (
				4B8B30D825C32EC80009EB4B /* IosJobPrepareTool */,
				4B8B30D725C32EC80009EB4B /* Products */,
			);
			sourceTree = "<group>";
		};
		4B8B30D725C32EC80009EB4B /* Products */ = {
			isa = PBXGroup;
			children = (
				4B8B30D625C32EC80009EB4B /* IosJobPrepareTool.app */,
			);
			name = Products;
			sourceTree = "<group>";
		};
		4B8B30D825C32EC80009EB4B /* IosJobPrepareTool */ = {
			isa = PBXGroup;
			children = (
				4BC654F025CC572300213C35 /* Ads */,
				4B6CD1EA25C6217200FD604A /* Networking */,
				4B8B30EC25C32F000009EB4B /* Supporting Files */,
				4B8B30EB25C32EF50009EB4B /* ViewModel */,
				4B8B30EA25C32EEB0009EB4B /* Model */,
				4B8B30E925C32EE10009EB4B /* UI */,
				4B8B30E225C32ECC0009EB4B /* Info.plist */,
				4B8B30DF25C32ECC0009EB4B /* Preview Content */,
			);
			path = IosJobPrepareTool;
			sourceTree = "<group>";
		};
		4B8B30DF25C32ECC0009EB4B /* Preview Content */ = {
			isa = PBXGroup;
			children = (
				4B8B30E025C32ECC0009EB4B /* Preview Assets.xcassets */,
			);
			path = "Preview Content";
			sourceTree = "<group>";
		};
		4B8B30E925C32EE10009EB4B /* UI */ = {
			isa = PBXGroup;
			children = (
				4B6CD1CF25C3D9F800FD604A /* SearchBar.swift */,
				4BED5C1325C37CAD0059C954 /* CardModeView.swift */,
				4BED5C0925C367E80059C954 /* QuestionListView.swift */,
				4B8B30DB25C32EC80009EB4B /* MainView.swift */,
				4B5AB53325CB158C00B53FE9 /* SettingView.swift */,
				4B5AB52525CA18AF00B53FE9 /* Constant.swift */,
				4B4DFF5525CB24C900C1569A /* PrivacyView.swift */,
			);
			path = UI;
			sourceTree = "<group>";
		};
		4B8B30EA25C32EEB0009EB4B /* Model */ = {
			isa = PBXGroup;
			children = (
				4BED5C0625C367B20059C954 /* Question.swift */,
				4BED5C0325C367A60059C954 /* questions.json */,
				4BED5C0025C367A00059C954 /* ModelLayer.swift */,
				4B5AB52825CA204C00B53FE9 /* QuestionListModelView.swift */,
			);
			path = Model;
			sourceTree = "<group>";
		};
		4B8B30EB25C32EF50009EB4B /* ViewModel */ = {
			isa = PBXGroup;
			children = (
				4BCDF6D825CB481000D000EB /* SettingViewModel.swift */,
			);
			path = ViewModel;
			sourceTree = "<group>";
		};
		4B8B30EC25C32F000009EB4B /* Supporting Files */ = {
			isa = PBXGroup;
			children = (
				4B8B30DD25C32ECC0009EB4B /* Assets.xcassets */,
				4BED5C0C25C368A60059C954 /* Bundle-Decodable.swift */,
				4B8B30D925C32EC80009EB4B /* IosJobPrepareToolApp.swift */,
			);
			path = "Supporting Files";
			sourceTree = "<group>";
		};
		4BC654F025CC572300213C35 /* Ads */ = {
			isa = PBXGroup;
			children = (
				4BC654F125CC574C00213C35 /* Interstitial.swift */,
			);
			path = Ads;
			sourceTree = "<group>";
		};
/* End PBXGroup section */

/* Begin PBXNativeTarget section */
		4B8B30D525C32EC80009EB4B /* IosJobPrepareTool */ = {
			isa = PBXNativeTarget;
			buildConfigurationList = 4B8B30E525C32ECC0009EB4B /* Build configuration list for PBXNativeTarget "IosJobPrepareTool" */;
			buildPhases = (
				4B8B30D225C32EC80009EB4B /* Sources */,
				4B8B30D325C32EC80009EB4B /* Frameworks */,
				4B8B30D425C32EC80009EB4B /* Resources */,
			);
			buildRules = (
			);
			dependencies = (
			);
			name = IosJobPrepareTool;
			packageProductDependencies = (
				4BED5BF825C35C400059C954 /* SwiftPackageProductDependency */,
				4BED5C1025C378700059C954 /* SwiftPackageProductDependency */,
			);
			productName = IosJobPrepareTool;
			productReference = 4B8B30D625C32EC80009EB4B /* IosJobPrepareTool.app */;
			productType = "com.apple.product-type.application";
		};
/* End PBXNativeTarget section */

/* Begin PBXProject section */
		4B8B30CE25C32EC80009EB4B /* Project object */ = {
			isa = PBXProject;
			attributes = {
				LastSwiftUpdateCheck = 1240;
				LastUpgradeCheck = 1240;
				TargetAttributes = {
					4B8B30D525C32EC80009EB4B = {
						CreatedOnToolsVersion = 12.4;
					};
				};
			};
			buildConfigurationList = 4B8B30D125C32EC80009EB4B /* Build configuration list for PBXProject "IosJobPrepareTool" */;
			compatibilityVersion = "Xcode 9.3";
			developmentRegion = en;
			hasScannedForEncodings = 0;
			knownRegions = (
				en,
				Base,
			);
			mainGroup = 4B8B30CD25C32EC80009EB4B;
			packageReferences = (
				4BED5BF725C35C400059C954 /* RemoteSwiftPackageReference */,
				4BED5C0F25C378700059C954 /* RemoteSwiftPackageReference */,
			);
			productRefGroup = 4B8B30D725C32EC80009EB4B /* Products */;
			projectDirPath = "";
			projectRoot = "";
			targets = (
				4B8B30D525C32EC80009EB4B /* IosJobPrepareTool */,
			);
		};
/* End PBXProject section */

/* Begin PBXResourcesBuildPhase section */
		4B8B30D425C32EC80009EB4B /* Resources */ = {
			isa = PBXResourcesBuildPhase;
			buildActionMask = 2147483647;
			files = (
				4BED5C0425C367A60059C954 /* questions.json in Resources */,
				4B8B30E125C32ECC0009EB4B /* Preview Assets.xcassets in Resources */,
				4B8B30DE25C32ECC0009EB4B /* Assets.xcassets in Resources */,
			);
			runOnlyForDeploymentPostprocessing = 0;
		};
/* End PBXResourcesBuildPhase section */

/* Begin PBXSourcesBuildPhase section */
		4B8B30D225C32EC80009EB4B /* Sources */ = {
			isa = PBXSourcesBuildPhase;
			buildActionMask = 2147483647;
			files = (
				4B8B30DC25C32EC80009EB4B /* MainView.swift in Sources */,
				4BED5C0A25C367E80059C954 /* QuestionListView.swift in Sources */,
				4BED5C0725C367B20059C954 /* Question.swift in Sources */,
				4BED5C1425C37CAD0059C954 /* CardModeView.swift in Sources */,
				4BED5C0125C367A00059C954 /* ModelLayer.swift in Sources */,
				4B4DFF5625CB24C900C1569A /* PrivacyView.swift in Sources */,
				4B5AB52925CA204C00B53FE9 /* QuestionListModelView.swift in Sources */,
				4B6CD1D425C3E35300FD604A /* SpeechService.swift in Sources */,
				4B5AB53425CB158C00B53FE9 /* SettingView.swift in Sources */,
				4BCDF6D925CB481000D000EB /* SettingViewModel.swift in Sources */,
				4B6CD1D025C3D9F800FD604A /* SearchBar.swift in Sources */,
				4BC654F225CC574C00213C35 /* Interstitial.swift in Sources */,
				4B5AB52625CA18AF00B53FE9 /* Constant.swift in Sources */,
				4B8B30DA25C32EC80009EB4B /* IosJobPrepareToolApp.swift in Sources */,
				4BED5C0D25C368A60059C954 /* Bundle-Decodable.swift in Sources */,
			);
			runOnlyForDeploymentPostprocessing = 0;
		};
/* End PBXSourcesBuildPhase section */

/* Begin XCBuildConfiguration section */
		4B8B30E325C32ECC0009EB4B /* Debug */ = {
			isa = XCBuildConfiguration;
			buildSettings = {
				ALWAYS_SEARCH_USER_PATHS = NO;
				CLANG_ANALYZER_NONNULL = YES;
				CLANG_ANALYZER_NUMBER_OBJECT_CONVERSION = YES_AGGRESSIVE;
				CLANG_CXX_LANGUAGE_STANDARD = "gnu++14";
				CLANG_CXX_LIBRARY = "libc++";
				CLANG_ENABLE_MODULES = YES;
				CLANG_ENABLE_OBJC_ARC = YES;
				CLANG_ENABLE_OBJC_WEAK = YES;
				CLANG_WARN_BLOCK_CAPTURE_AUTORELEASING = YES;
				CLANG_WARN_BOOL_CONVERSION = YES;
				CLANG_WARN_COMMA = YES;
				CLANG_WARN_CONSTANT_CONVERSION = YES;
				CLANG_WARN_DEPRECATED_OBJC_IMPLEMENTATIONS = YES;
				CLANG_WARN_DIRECT_OBJC_ISA_USAGE = YES_ERROR;
				CLANG_WARN_DOCUMENTATION_COMMENTS = YES;
				CLANG_WARN_EMPTY_BODY = YES;
				CLANG_WARN_ENUM_CONVERSION = YES;
				CLANG_WARN_INFINITE_RECURSION = YES;
				CLANG_WARN_INT_CONVERSION = YES;
				CLANG_WARN_NON_LITERAL_NULL_CONVERSION = YES;
				CLANG_WARN_OBJC_IMPLICIT_RETAIN_SELF = YES;
				CLANG_WARN_OBJC_LITERAL_CONVERSION = YES;
				CLANG_WARN_OBJC_ROOT_CLASS = YES_ERROR;
				CLANG_WARN_QUOTED_INCLUDE_IN_FRAMEWORK_HEADER = YES;
				CLANG_WARN_RANGE_LOOP_ANALYSIS = YES;
				CLANG_WARN_STRICT_PROTOTYPES = YES;
				CLANG_WARN_SUSPICIOUS_MOVE = YES;
				CLANG_WARN_UNGUARDED_AVAILABILITY = YES_AGGRESSIVE;
				CLANG_WARN_UNREACHABLE_CODE = YES;
				CLANG_WARN__DUPLICATE_METHOD_MATCH = YES;
				COPY_PHASE_STRIP = NO;
				DEBUG_INFORMATION_FORMAT = dwarf;
				ENABLE_STRICT_OBJC_MSGSEND = YES;
				ENABLE_TESTABILITY = YES;
				GCC_C_LANGUAGE_STANDARD = gnu11;
				GCC_DYNAMIC_NO_PIC = NO;
				GCC_NO_COMMON_BLOCKS = YES;
				GCC_OPTIMIZATION_LEVEL = 0;
				GCC_PREPROCESSOR_DEFINITIONS = (
					"DEBUG=1",
					"$(inherited)",
				);
				GCC_WARN_64_TO_32_BIT_CONVERSION = YES;
				GCC_WARN_ABOUT_RETURN_TYPE = YES_ERROR;
				GCC_WARN_UNDECLARED_SELECTOR = YES;
				GCC_WARN_UNINITIALIZED_AUTOS = YES_AGGRESSIVE;
				GCC_WARN_UNUSED_FUNCTION = YES;
				GCC_WARN_UNUSED_VARIABLE = YES;
				IPHONEOS_DEPLOYMENT_TARGET = 13.4;
				MTL_ENABLE_DEBUG_INFO = INCLUDE_SOURCE;
				MTL_FAST_MATH = YES;
				ONLY_ACTIVE_ARCH = YES;
				SDKROOT = iphoneos;
				SWIFT_ACTIVE_COMPILATION_CONDITIONS = DEBUG;
				SWIFT_OPTIMIZATION_LEVEL = "-Onone";
			};
			name = Debug;
		};
		4B8B30E425C32ECC0009EB4B /* Release */ = {
			isa = XCBuildConfiguration;
			buildSettings = {
				ALWAYS_SEARCH_USER_PATHS = NO;
				CLANG_ANALYZER_NONNULL = YES;
				CLANG_ANALYZER_NUMBER_OBJECT_CONVERSION = YES_AGGRESSIVE;
				CLANG_CXX_LANGUAGE_STANDARD = "gnu++14";
				CLANG_CXX_LIBRARY = "libc++";
				CLANG_ENABLE_MODULES = YES;
				CLANG_ENABLE_OBJC_ARC = YES;
				CLANG_ENABLE_OBJC_WEAK = YES;
				CLANG_WARN_BLOCK_CAPTURE_AUTORELEASING = YES;
				CLANG_WARN_BOOL_CONVERSION = YES;
				CLANG_WARN_COMMA = YES;
				CLANG_WARN_CONSTANT_CONVERSION = YES;
				CLANG_WARN_DEPRECATED_OBJC_IMPLEMENTATIONS = YES;
				CLANG_WARN_DIRECT_OBJC_ISA_USAGE = YES_ERROR;
				CLANG_WARN_DOCUMENTATION_COMMENTS = YES;
				CLANG_WARN_EMPTY_BODY = YES;
				CLANG_WARN_ENUM_CONVERSION = YES;
				CLANG_WARN_INFINITE_RECURSION = YES;
				CLANG_WARN_INT_CONVERSION = YES;
				CLANG_WARN_NON_LITERAL_NULL_CONVERSION = YES;
				CLANG_WARN_OBJC_IMPLICIT_RETAIN_SELF = YES;
				CLANG_WARN_OBJC_LITERAL_CONVERSION = YES;
				CLANG_WARN_OBJC_ROOT_CLASS = YES_ERROR;
				CLANG_WARN_QUOTED_INCLUDE_IN_FRAMEWORK_HEADER = YES;
				CLANG_WARN_RANGE_LOOP_ANALYSIS = YES;
				CLANG_WARN_STRICT_PROTOTYPES = YES;
				CLANG_WARN_SUSPICIOUS_MOVE = YES;
				CLANG_WARN_UNGUARDED_AVAILABILITY = YES_AGGRESSIVE;
				CLANG_WARN_UNREACHABLE_CODE = YES;
				CLANG_WARN__DUPLICATE_METHOD_MATCH = YES;
				COPY_PHASE_STRIP = NO;
				DEBUG_INFORMATION_FORMAT = "dwarf-with-dsym";
				ENABLE_NS_ASSERTIONS = NO;
				ENABLE_STRICT_OBJC_MSGSEND = YES;
				GCC_C_LANGUAGE_STANDARD = gnu11;
				GCC_NO_COMMON_BLOCKS = YES;
				GCC_WARN_64_TO_32_BIT_CONVERSION = YES;
				GCC_WARN_ABOUT_RETURN_TYPE = YES_ERROR;
				GCC_WARN_UNDECLARED_SELECTOR = YES;
				GCC_WARN_UNINITIALIZED_AUTOS = YES_AGGRESSIVE;
				GCC_WARN_UNUSED_FUNCTION = YES;
				GCC_WARN_UNUSED_VARIABLE = YES;
				IPHONEOS_DEPLOYMENT_TARGET = 13.4;
				MTL_ENABLE_DEBUG_INFO = NO;
				MTL_FAST_MATH = YES;
				SDKROOT = iphoneos;
				SWIFT_COMPILATION_MODE = wholemodule;
				SWIFT_OPTIMIZATION_LEVEL = "-O";
				VALIDATE_PRODUCT = YES;
			};
			name = Release;
		};
		4B8B30E625C32ECC0009EB4B /* Debug */ = {
			isa = XCBuildConfiguration;
			buildSettings = {
				ASSETCATALOG_COMPILER_APPICON_NAME = AppIcon;
				ASSETCATALOG_COMPILER_GLOBAL_ACCENT_COLOR_NAME = AccentColor;
				CODE_SIGN_STYLE = Automatic;
				DEVELOPMENT_ASSET_PATHS = "\"IosJobPrepareTool/Preview Content\"";
				DEVELOPMENT_TEAM = TDD6QTZ33S;
				ENABLE_PREVIEWS = YES;
				INFOPLIST_FILE = IosJobPrepareTool/Info.plist;
				IPHONEOS_DEPLOYMENT_TARGET = 14.0;
				LD_RUNPATH_SEARCH_PATHS = (
					"$(inherited)",
					"@executable_path/Frameworks",
				);
				PRODUCT_BUNDLE_IDENTIFIER = com.mengwjiaoyang.ioshelper;
				PRODUCT_NAME = "$(TARGET_NAME)";
				SWIFT_VERSION = 5.0;
				TARGETED_DEVICE_FAMILY = "1,2";
			};
			name = Debug;
		};
		4B8B30E725C32ECC0009EB4B /* Release */ = {
			isa = XCBuildConfiguration;
			buildSettings = {
				ASSETCATALOG_COMPILER_APPICON_NAME = AppIcon;
				ASSETCATALOG_COMPILER_GLOBAL_ACCENT_COLOR_NAME = AccentColor;
				CODE_SIGN_STYLE = Automatic;
				DEVELOPMENT_ASSET_PATHS = "\"IosJobPrepareTool/Preview Content\"";
				DEVELOPMENT_TEAM = TDD6QTZ33S;
				ENABLE_PREVIEWS = YES;
				INFOPLIST_FILE = IosJobPrepareTool/Info.plist;
				IPHONEOS_DEPLOYMENT_TARGET = 14.0;
				LD_RUNPATH_SEARCH_PATHS = (
					"$(inherited)",
					"@executable_path/Frameworks",
				);
				PRODUCT_BUNDLE_IDENTIFIER = com.mengwjiaoyang.ioshelper;
				PRODUCT_NAME = "$(TARGET_NAME)";
				SWIFT_VERSION = 5.0;
				TARGETED_DEVICE_FAMILY = "1,2";
			};
			name = Release;
		};
/* End XCBuildConfiguration section */

/* Begin XCConfigurationList section */
		4B8B30D125C32EC80009EB4B /* Build configuration list for PBXProject "IosJobPrepareTool" */ = {
			isa = XCConfigurationList;
			buildConfigurations = (
				4B8B30E325C32ECC0009EB4B /* Debug */,
				4B8B30E425C32ECC0009EB4B /* Release */,
			);
			defaultConfigurationIsVisible = 0;
			defaultConfigurationName = Release;
		};
		4B8B30E525C32ECC0009EB4B /* Build configuration list for PBXNativeTarget "IosJobPrepareTool" */ = {
			isa = XCConfigurationList;
			buildConfigurations = (
				4B8B30E625C32ECC0009EB4B /* Debug */,
				4B8B30E725C32ECC0009EB4B /* Release */,
			);
			defaultConfigurationIsVisible = 0;
			defaultConfigurationName = Release;
		};
/* End XCConfigurationList section */

/* Begin XCRemoteSwiftPackageReference section */
		4BED5BF725C35C400059C954 /* RemoteSwiftPackageReference */ = {
			isa = XCRemoteSwiftPackageReference;
			repositoryURL = "https://github.com/Q-Mobile/QGrid";
			requirement = {
				kind = upToNextMajorVersion;
				minimumVersion = 0.1.4;
			};
		};
		4BED5C0F25C378700059C954 /* RemoteSwiftPackageReference */ = {
			isa = XCRemoteSwiftPackageReference;
			repositoryURL = "https://github.com/fermoya/SwiftUIPager.git";
			requirement = {
				kind = upToNextMajorVersion;
				minimumVersion = 2.0.0;
			};
		};
/* End XCRemoteSwiftPackageReference section */

/* Begin XCSwiftPackageProductDependency section */
		4BED5BF825C35C400059C954 /* SwiftPackageProductDependency */ = {
			isa = XCSwiftPackageProductDependency;
			package = 4BED5BF725C35C400059C954 /* RemoteSwiftPackageReference */;
			productName = QGrid;
		};
		4BED5C1025C378700059C954 /* SwiftPackageProductDependency */ = {
			isa = XCSwiftPackageProductDependency;
			package = 4BED5C0F25C378700059C954 /* RemoteSwiftPackageReference */;
			productName = SwiftUIPager;
		};
/* End XCSwiftPackageProductDependency section */
	};
	rootObject = 4B8B30CE25C32EC80009EB4B /* Project object */;
}
